
Microsoft Visual Studio Solution File, Format Version 12.00
# Visual Studio Version 17
VisualStudioVersion = 17.2.32630.192
MinimumVisualStudioVersion = 10.0.40219.1
Project("{FAE04EC0-301F-11D3-BF4B-00C04F79EFBC}") = "Match Game", "Match Game.csproj", "{E301BC4A-4EB2-41B3-81FC-9B7DD8ABD3DF}"
EndProject
Global
	GlobalSection(SolutionConfigurationPlatforms) = preSolution
		Debug|Any CPU = Debug|Any CPU
		Release|Any CPU = Release|Any CPU
	EndGlobalSection
	GlobalSection(ProjectConfigurationPlatforms) = postSolution
		{E301BC4A-4EB2-41B3-81FC-9B7DD8ABD3DF}.Debug|Any CPU.ActiveCfg = Debug|Any CPU
		{E301BC4A-4EB2-41B3-81FC-9B7DD8ABD3DF}.Debug|Any CPU.Build.0 = Debug|Any CPU
		{E301BC4A-4EB2-41B3-81FC-9B7DD8ABD3DF}.Release|Any CPU.ActiveCfg = Release|Any CPU
		{E301BC4A-4EB2-41B3-81FC-9B7DD8ABD3DF}.Release|Any CPU.Build.0 = Release|Any CPU
	EndGlobalSection
	GlobalSection(SolutionProperties) = preSolution
		HideSolutionNode = FALSE
	EndGlobalSection
	GlobalSection(ExtensibilityGlobals) = postSolution
		SolutionGuid = {D4F24E79-7C3E-43BD-833C-D1908D567773}
	EndGlobalSection
EndGlobal
